
Microsoft Visual Studio Solution File, Format Version 12.00
# Visual Studio 15
VisualStudioVersion = 15.0.27004.2009
MinimumVisualStudioVersion = 10.0.40219.1
Project("{8BC9CEB8-8B4A-11D0-8D11-00A0C91BC942}") = "Client", "client\Client.vcxproj", "{08CBA017-853A-46EA-B090-6E524A67E079}"
EndProject
Project("{8BC9CEB8-8B4A-11D0-8D11-00A0C91BC942}") = "libprotobuf", "dependencies\projects\libprotobuf.vcxproj", "{6ECECB50-9DE7-4E61-BEED-C377C4D87B28}"
EndProject
Project("{2150E333-8FDC-42A3-9474-1A3956D46DE8}") = "contrib", "contrib", "{2884B755-835B-49DA-9E3F-E34AD401A5B9}"
EndProject
Project("{8BC9CEB8-8B4A-11D0-8D11-00A0C91BC942}") = "Server", "server\Server\Server.vcxproj", "{53DE2505-1630-4050-B87A-AEA7658F1E74}"
EndProject
Project("{8BC9CEB8-8B4A-11D0-8D11-00A0C91BC942}") = "Common", "common\Common\Common.vcxproj", "{7966F8EA-B5FE-44DE-86CC-867AC0A0EED0}"
EndProject
Global
	GlobalSection(SolutionConfigurationPlatforms) = preSolution
		Debug|x64 = Debug|x64
		Debug|x86 = Debug|x86
		Release|x64 = Release|x64
		Release|x86 = Release|x86
	EndGlobalSection
	GlobalSection(ProjectConfigurationPlatforms) = postSolution
		{08CBA017-853A-46EA-B090-6E524A67E079}.Debug|x64.ActiveCfg = Debug|x64
		{08CBA017-853A-46EA-B090-6E524A67E079}.Debug|x64.Build.0 = Debug|x64
		{08CBA017-853A-46EA-B090-6E524A67E079}.Debug|x86.ActiveCfg = Debug|Win32
		{08CBA017-853A-46EA-B090-6E524A67E079}.Debug|x86.Build.0 = Debug|Win32
		{08CBA017-853A-46EA-B090-6E524A67E079}.Release|x64.ActiveCfg = Release|x64
		{08CBA017-853A-46EA-B090-6E524A67E079}.Release|x64.Build.0 = Release|x64
		{08CBA017-853A-46EA-B090-6E524A67E079}.Release|x86.ActiveCfg = Release|Win32
		{08CBA017-853A-46EA-B090-6E524A67E079}.Release|x86.Build.0 = Release|Win32
		{6ECECB50-9DE7-4E61-BEED-C377C4D87B28}.Debug|x64.ActiveCfg = Debug|x64
		{6ECECB50-9DE7-4E61-BEED-C377C4D87B28}.Debug|x64.Build.0 = Debug|x64
		{6ECECB50-9DE7-4E61-BEED-C377C4D87B28}.Debug|x86.ActiveCfg = Debug|Win32
		{6ECECB50-9DE7-4E61-BEED-C377C4D87B28}.Debug|x86.Build.0 = Debug|Win32
		{6ECECB50-9DE7-4E61-BEED-C377C4D87B28}.Release|x64.ActiveCfg = Release|x64
		{6ECECB50-9DE7-4E61-BEED-C377C4D87B28}.Release|x64.Build.0 = Release|x64
		{6ECECB50-9DE7-4E61-BEED-C377C4D87B28}.Release|x86.ActiveCfg = Release|Win32
		{6ECECB50-9DE7-4E61-BEED-C377C4D87B28}.Release|x86.Build.0 = Release|Win32
		{53DE2505-1630-4050-B87A-AEA7658F1E74}.Debug|x64.ActiveCfg = Debug|x64
		{53DE2505-1630-4050-B87A-AEA7658F1E74}.Debug|x64.Build.0 = Debug|x64
		{53DE2505-1630-4050-B87A-AEA7658F1E74}.Debug|x86.ActiveCfg = Debug|Win32
		{53DE2505-1630-4050-B87A-AEA7658F1E74}.Debug|x86.Build.0 = Debug|Win32
		{53DE2505-1630-4050-B87A-AEA7658F1E74}.Release|x64.ActiveCfg = Release|x64
		{53DE2505-1630-4050-B87A-AEA7658F1E74}.Release|x64.Build.0 = Release|x64
		{53DE2505-1630-4050-B87A-AEA7658F1E74}.Release|x86.ActiveCfg = Release|Win32
		{53DE2505-1630-4050-B87A-AEA7658F1E74}.Release|x86.Build.0 = Release|Win32
		{7966F8EA-B5FE-44DE-86CC-867AC0A0EED0}.Debug|x64.ActiveCfg = Debug|x64
		{7966F8EA-B5FE-44DE-86CC-867AC0A0EED0}.Debug|x64.Build.0 = Debug|x64
		{7966F8EA-B5FE-44DE-86CC-867AC0A0EED0}.Debug|x86.ActiveCfg = Debug|Win32
		{7966F8EA-B5FE-44DE-86CC-867AC0A0EED0}.Debug|x86.Build.0 = Debug|Win32
		{7966F8EA-B5FE-44DE-86CC-867AC0A0EED0}.Release|x64.ActiveCfg = Release|x64
		{7966F8EA-B5FE-44DE-86CC-867AC0A0EED0}.Release|x64.Build.0 = Release|x64
		{7966F8EA-B5FE-44DE-86CC-867AC0A0EED0}.Release|x86.ActiveCfg = Release|Win32
		{7966F8EA-B5FE-44DE-86CC-867AC0A0EED0}.Release|x86.Build.0 = Release|Win32
	EndGlobalSection
	GlobalSection(SolutionProperties) = preSolution
		HideSolutionNode = FALSE
	EndGlobalSection
	GlobalSection(NestedProjects) = preSolution
		{6ECECB50-9DE7-4E61-BEED-C377C4D87B28} = {2884B755-835B-49DA-9E3F-E34AD401A5B9}
	EndGlobalSection
	GlobalSection(ExtensibilityGlobals) = postSolution
		SolutionGuid = {24C0848B-7A5A-413D-9137-C6DF6EB4A1F0}
	EndGlobalSection
EndGlobal
