<?xml version="1.0" encoding="utf-8"?>
<Project ToolsVersion="15.0" xmlns="http://schemas.microsoft.com/developer/msbuild/2003">
  <ItemGroup>
    <Filter Include="Source Files">
      <UniqueIdentifier>{e8113a09-03cc-40a3-823a-3c13ed4de9cd}</UniqueIdentifier>
    </Filter>
    <Filter Include="Header Files">
      <UniqueIdentifier>{e2643ccd-b0b8-4369-a2f4-eb07adc1d642}</UniqueIdentifier>
    </Filter>
    <Filter Include="Header Files\windows">
      <UniqueIdentifier>{e78cdc9c-15c4-45c6-8d15-702f3132614c}</UniqueIdentifier>
    </Filter>
    <Filter Include="Source Files\windows">
      <UniqueIdentifier>{25d1595d-2754-494e-839f-c84ac08ff86b}</UniqueIdentifier>
    </Filter>
  </ItemGroup>
  <ItemGroup>
    <ClCompile Include="Win32\ClipboardImpl.cpp">
      <Filter>Source Files\windows</Filter>
    </ClCompile>
    <ClCompile Include="Win32\CursorImpl.cpp">
      <Filter>Source Files\windows</Filter>
    </ClCompile>
    <ClCompile Include="Win32\InputImpl.cpp">
      <Filter>Source Files\windows</Filter>
    </ClCompile>
    <ClCompile Include="Win32\JoystickImpl.cpp">
      <Filter>Source Files\windows</Filter>
    </ClCompile>
    <ClCompile Include="Win32\SensorImpl.cpp">
      <Filter>Source Files\windows</Filter>
    </ClCompile>
    <ClCompile Include="Win32\VideoModeImpl.cpp">
      <Filter>Source Files\windows</Filter>
    </ClCompile>
    <ClCompile Include="Win32\WglContext.cpp">
      <Filter>Source Files\windows</Filter>
    </ClCompile>
    <ClCompile Include="Win32\WglExtensions.cpp">
      <Filter>Source Files\windows</Filter>
    </ClCompile>
    <ClCompile Include="Win32\WindowImplWin32.cpp">
      <Filter>Source Files\windows</Filter>
    </ClCompile>
    <ClCompile Include="Clipboard.cpp">
      <Filter>Source Files</Filter>
    </ClCompile>
    <ClCompile Include="Context.cpp">
      <Filter>Source Files</Filter>
    </ClCompile>
    <ClCompile Include="Cursor.cpp">
      <Filter>Source Files</Filter>
    </ClCompile>
    <ClCompile Include="GlContext.cpp">
      <Filter>Source Files</Filter>
    </ClCompile>
    <ClCompile Include="GlResource.cpp">
      <Filter>Source Files</Filter>
    </ClCompile>
    <ClCompile Include="Joystick.cpp">
      <Filter>Source Files</Filter>
    </ClCompile>
    <ClCompile Include="JoystickManager.cpp">
      <Filter>Source Files</Filter>
    </ClCompile>
    <ClCompile Include="Keyboard.cpp">
      <Filter>Source Files</Filter>
    </ClCompile>
    <ClCompile Include="Mouse.cpp">
      <Filter>Source Files</Filter>
    </ClCompile>
    <ClCompile Include="Sensor.cpp">
      <Filter>Source Files</Filter>
    </ClCompile>
    <ClCompile Include="SensorManager.cpp">
      <Filter>Source Files</Filter>
    </ClCompile>
    <ClCompile Include="Touch.cpp">
      <Filter>Source Files</Filter>
    </ClCompile>
    <ClCompile Include="VideoMode.cpp">
      <Filter>Source Files</Filter>
    </ClCompile>
    <ClCompile Include="Window.cpp">
      <Filter>Source Files</Filter>
    </ClCompile>
    <ClCompile Include="WindowImpl.cpp">
      <Filter>Source Files</Filter>
    </ClCompile>
  </ItemGroup>
  <ItemGroup>
    <ClInclude Include="Win32\ClipboardImpl.hpp">
      <Filter>Header Files\windows</Filter>
    </ClInclude>
    <ClInclude Include="Win32\CursorImpl.hpp">
      <Filter>Header Files\windows</Filter>
    </ClInclude>
    <ClInclude Include="Win32\InputImpl.hpp">
      <Filter>Header Files\windows</Filter>
    </ClInclude>
    <ClInclude Include="Win32\JoystickImpl.hpp">
      <Filter>Header Files\windows</Filter>
    </ClInclude>
    <ClInclude Include="Win32\SensorImpl.hpp">
      <Filter>Header Files\windows</Filter>
    </ClInclude>
    <ClInclude Include="Win32\WglContext.hpp">
      <Filter>Header Files\windows</Filter>
    </ClInclude>
    <ClInclude Include="Win32\WglExtensions.hpp">
      <Filter>Header Files\windows</Filter>
    </ClInclude>
    <ClInclude Include="Win32\WindowImplWin32.hpp">
      <Filter>Header Files\windows</Filter>
    </ClInclude>
    <ClInclude Include="WindowImpl.hpp">
      <Filter>Header Files</Filter>
    </ClInclude>
    <ClInclude Include="ClipboardImpl.hpp">
      <Filter>Header Files</Filter>
    </ClInclude>
    <ClInclude Include="CursorImpl.hpp">
      <Filter>Header Files</Filter>
    </ClInclude>
    <ClInclude Include="GlContext.hpp">
      <Filter>Header Files</Filter>
    </ClInclude>
    <ClInclude Include="InputImpl.hpp">
      <Filter>Header Files</Filter>
    </ClInclude>
    <ClInclude Include="JoystickImpl.hpp">
      <Filter>Header Files</Filter>
    </ClInclude>
    <ClInclude Include="JoystickManager.hpp">
      <Filter>Header Files</Filter>
    </ClInclude>
    <ClInclude Include="SensorImpl.hpp">
      <Filter>Header Files</Filter>
    </ClInclude>
    <ClInclude Include="SensorManager.hpp">
      <Filter>Header Files</Filter>
    </ClInclude>
    <ClInclude Include="VideoModeImpl.hpp">
      <Filter>Header Files</Filter>
    </ClInclude>
    <ClInclude Include="..\..\..\include\SFML\Window\WindowStyle.hpp">
      <Filter>Header Files</Filter>
    </ClInclude>
    <ClInclude Include="..\..\..\include\SFML\Window\Clipboard.hpp">
      <Filter>Header Files</Filter>
    </ClInclude>
    <ClInclude Include="..\..\..\include\SFML\Window\Context.hpp">
      <Filter>Header Files</Filter>
    </ClInclude>
    <ClInclude Include="..\..\..\include\SFML\Window\ContextSettings.hpp">
      <Filter>Header Files</Filter>
    </ClInclude>
    <ClInclude Include="..\..\..\include\SFML\Window\Cursor.hpp">
      <Filter>Header Files</Filter>
    </ClInclude>
    <ClInclude Include="..\..\..\include\SFML\Window\Event.hpp">
      <Filter>Header Files</Filter>
    </ClInclude>
    <ClInclude Include="..\..\..\include\SFML\Window\Export.hpp">
      <Filter>Header Files</Filter>
    </ClInclude>
    <ClInclude Include="..\..\..\include\SFML\Window\GlResource.hpp">
      <Filter>Header Files</Filter>
    </ClInclude>
    <ClInclude Include="..\..\..\include\SFML\Window\Joystick.hpp">
      <Filter>Header Files</Filter>
    </ClInclude>
    <ClInclude Include="..\..\..\include\SFML\Window\Keyboard.hpp">
      <Filter>Header Files</Filter>
    </ClInclude>
    <ClInclude Include="..\..\..\include\SFML\Window\Mouse.hpp">
      <Filter>Header Files</Filter>
    </ClInclude>
    <ClInclude Include="..\..\..\include\SFML\Window\Sensor.hpp">
      <Filter>Header Files</Filter>
    </ClInclude>
    <ClInclude Include="..\..\..\include\SFML\Window\Touch.hpp">
      <Filter>Header Files</Filter>
    </ClInclude>
    <ClInclude Include="..\..\..\include\SFML\Window\VideoMode.hpp">
      <Filter>Header Files</Filter>
    </ClInclude>
    <ClInclude Include="..\..\..\include\SFML\Window\Window.hpp">
      <Filter>Header Files</Filter>
    </ClInclude>
    <ClInclude Include="..\..\..\include\SFML\Window\WindowHandle.hpp">
      <Filter>Header Files</Filter>
    </ClInclude>
  </ItemGroup>
</Project>